
Microsoft Visual Studio Solution File, Format Version 12.00
# Visual Studio 15
VisualStudioVersion = 15.0.28307.757
MinimumVisualStudioVersion = 10.0.40219.1
Project("{FAE04EC0-301F-11D3-BF4B-00C04F79EFBC}") = "IOTMonthExamMVC", "IOTMonthExamMVC\IOTMonthExamMVC.csproj", "{47FCBF71-A737-4D83-8483-69A96EE133DB}"
EndProject
Global
	GlobalSection(SolutionConfigurationPlatforms) = preSolution
		Debug|Any CPU = Debug|Any CPU
		Release|Any CPU = Release|Any CPU
	EndGlobalSection
	GlobalSection(ProjectConfigurationPlatforms) = postSolution
		{47FCBF71-A737-4D83-8483-69A96EE133DB}.Debug|Any CPU.ActiveCfg = Debug|Any CPU
		{47FCBF71-A737-4D83-8483-69A96EE133DB}.Debug|Any CPU.Build.0 = Debug|Any CPU
		{47FCBF71-A737-4D83-8483-69A96EE133DB}.Release|Any CPU.ActiveCfg = Release|Any CPU
		{47FCBF71-A737-4D83-8483-69A96EE133DB}.Release|Any CPU.Build.0 = Release|Any CPU
	EndGlobalSection
	GlobalSection(SolutionProperties) = preSolution
		HideSolutionNode = FALSE
	EndGlobalSection
	GlobalSection(ExtensibilityGlobals) = postSolution
		SolutionGuid = {25F96048-AC67-46FC-9F78-3078D52360FE}
	EndGlobalSection
EndGlobal
